# @generated by Move, please check-in and do not edit manually.

[move]
version = 3
manifest_digest = "5B73DDF7698FE70BCDEF571EC0900B3A17DEE1FCA933A861325488A7D9A70ED6"
deps_digest = "F8BBB0CCB2491CA29A3DF03D6F92277A4F3574266507ACD77214D37ECA3F3082"
dependencies = [
  { id = "Sui", name = "Sui" },
]

[[move.package]]
id = "MoveStdlib"
source = { git = "https://github.com/MystenLabs/sui.git", rev = "framework/devnet", subdir = "crates\\sui-framework\\packages\\move-stdlib" }

[[move.package]]
id = "Sui"
source = { git = "https://github.com/MystenLabs/sui.git", rev = "framework/devnet", subdir = "crates/sui-framework/packages/sui-framework" }

dependencies = [
  { id = "MoveStdlib", name = "MoveStdlib" },
]

[move.toolchain-version]
compiler-version = "1.58.1"
edition = "2024.beta"
flavor = "sui"

[env]

[env.testnet]
chain-id = "4c78adac"
original-published-id = "0x2ff43a0f54a1f023ae03ae3afd3eefebb7dcd2ac684889ef0349ea52d1213ce1"
latest-published-id = "0x2ff43a0f54a1f023ae03ae3afd3eefebb7dcd2ac684889ef0349ea52d1213ce1"
published-version = "1"
